
Microsoft Visual Studio Solution File, Format Version 12.00
# Visual Studio Version 17
VisualStudioVersion = 17.6.33815.320
MinimumVisualStudioVersion = 10.0.40219.1
Project("{FAE04EC0-301F-11D3-BF4B-00C04F79EFBC}") = "figures", "figures.csproj", "{0C0ECCA4-2E58-47CA-AE3B-BFA7199C8676}"
EndProject
Global
	GlobalSection(SolutionConfigurationPlatforms) = preSolution
		Debug|Any CPU = Debug|Any CPU
		Release|Any CPU = Release|Any CPU
	EndGlobalSection
	GlobalSection(ProjectConfigurationPlatforms) = postSolution
		{0C0ECCA4-2E58-47CA-AE3B-BFA7199C8676}.Debug|Any CPU.ActiveCfg = Debug|Any CPU
		{0C0ECCA4-2E58-47CA-AE3B-BFA7199C8676}.Debug|Any CPU.Build.0 = Debug|Any CPU
		{0C0ECCA4-2E58-47CA-AE3B-BFA7199C8676}.Release|Any CPU.ActiveCfg = Release|Any CPU
		{0C0ECCA4-2E58-47CA-AE3B-BFA7199C8676}.Release|Any CPU.Build.0 = Release|Any CPU
	EndGlobalSection
	GlobalSection(SolutionProperties) = preSolution
		HideSolutionNode = FALSE
	EndGlobalSection
	GlobalSection(ExtensibilityGlobals) = postSolution
		SolutionGuid = {E05C857F-5424-4674-BBBE-FE6680168072}
	EndGlobalSection
EndGlobal
